
Microsoft Visual Studio Solution File, Format Version 12.00
# Visual Studio 2013
VisualStudioVersion = 12.0.21005.1
MinimumVisualStudioVersion = 10.0.40219.1
Project("{F184B08F-C81C-45F6-A57F-5ABD9991F28F}") = "Watcher", "Directory Watcher\Watcher.vbproj", "{2EE1CC9A-21EE-4CF0-AA2E-2C16DF2FE88F}"
	ProjectSection(ProjectDependencies) = postProject
		{3BBE1DBB-1DD9-497B-A57A-22C5D33E66B7} = {3BBE1DBB-1DD9-497B-A57A-22C5D33E66B7}
	EndProjectSection
EndProject
Project("{F184B08F-C81C-45F6-A57F-5ABD9991F28F}") = "Control", "Control\Control.vbproj", "{3BBE1DBB-1DD9-497B-A57A-22C5D33E66B7}"
EndProject
Global
	GlobalSection(SolutionConfigurationPlatforms) = preSolution
		Debug|Any CPU = Debug|Any CPU
		Release|Any CPU = Release|Any CPU
	EndGlobalSection
	GlobalSection(ProjectConfigurationPlatforms) = postSolution
		{2EE1CC9A-21EE-4CF0-AA2E-2C16DF2FE88F}.Debug|Any CPU.ActiveCfg = Debug|Any CPU
		{2EE1CC9A-21EE-4CF0-AA2E-2C16DF2FE88F}.Debug|Any CPU.Build.0 = Debug|Any CPU
		{2EE1CC9A-21EE-4CF0-AA2E-2C16DF2FE88F}.Release|Any CPU.ActiveCfg = Release|Any CPU
		{2EE1CC9A-21EE-4CF0-AA2E-2C16DF2FE88F}.Release|Any CPU.Build.0 = Release|Any CPU
		{3BBE1DBB-1DD9-497B-A57A-22C5D33E66B7}.Debug|Any CPU.ActiveCfg = Debug|Any CPU
		{3BBE1DBB-1DD9-497B-A57A-22C5D33E66B7}.Debug|Any CPU.Build.0 = Debug|Any CPU
		{3BBE1DBB-1DD9-497B-A57A-22C5D33E66B7}.Release|Any CPU.ActiveCfg = Release|Any CPU
		{3BBE1DBB-1DD9-497B-A57A-22C5D33E66B7}.Release|Any CPU.Build.0 = Release|Any CPU
	EndGlobalSection
	GlobalSection(SolutionProperties) = preSolution
		HideSolutionNode = FALSE
	EndGlobalSection
EndGlobal
